// !$*UTF8*$!
{
	archiveVersion = 1;
	classes = {
	};
	objectVersion = 56;
	objects = {

/* Begin PBXBuildFile section */
		60A743462BD6A2C4009A495F /* AppDelegate.swift in Sources */ = {isa = PBXBuildFile; fileRef = 60A743452BD6A2C4009A495F /* AppDelegate.swift */; };
		60A743482BD6A2C4009A495F /* SceneDelegate.swift in Sources */ = {isa = PBXBuildFile; fileRef = 60A743472BD6A2C4009A495F /* SceneDelegate.swift */; };
		60A7434A2BD6A2C4009A495F /* BuyTicketViewController.swift in Sources */ = {isa = PBXBuildFile; fileRef = 60A743492BD6A2C4009A495F /* BuyTicketViewController.swift */; };
		60A7434D2BD6A2C4009A495F /* Base in Resources */ = {isa = PBXBuildFile; fileRef = 60A7434C2BD6A2C4009A495F /* Base */; };
		60A743502BD6A2C4009A495F /* Take_Me_Away.xcdatamodeld in Sources */ = {isa = PBXBuildFile; fileRef = 60A7434E2BD6A2C4009A495F /* Take_Me_Away.xcdatamodeld */; };
		60A743522BD6A2C6009A495F /* Assets.xcassets in Resources */ = {isa = PBXBuildFile; fileRef = 60A743512BD6A2C6009A495F /* Assets.xcassets */; };
		60A743552BD6A2C6009A495F /* Base in Resources */ = {isa = PBXBuildFile; fileRef = 60A743542BD6A2C6009A495F /* Base */; };
		60A7435D2BD6A53F009A495F /* MyTicketsViewController.swift in Sources */ = {isa = PBXBuildFile; fileRef = 60A7435C2BD6A53E009A495F /* MyTicketsViewController.swift */; };
		60A743782BD7F4DC009A495F /* Buses.swift in Sources */ = {isa = PBXBuildFile; fileRef = 60A743772BD7F4DC009A495F /* Buses.swift */; };
		60A7437C2BD7F908009A495F /* Buses.json in Resources */ = {isa = PBXBuildFile; fileRef = 60A7437B2BD7F908009A495F /* Buses.json */; };
		60A7437E2BD87CF1009A495F /* BusFetchData.swift in Sources */ = {isa = PBXBuildFile; fileRef = 60A7437D2BD87CF1009A495F /* BusFetchData.swift */; };
		60A743812BD8847A009A495F /* TabBarController.swift in Sources */ = {isa = PBXBuildFile; fileRef = 60A743802BD8847A009A495F /* TabBarController.swift */; };
		60F9DA902BD88D5600C65217 /* CitiesArray.swift in Sources */ = {isa = PBXBuildFile; fileRef = 60F9DA8F2BD88D5600C65217 /* CitiesArray.swift */; };
		60F9DAB92BDAE37200C65217 /* BusListCell.xib in Resources */ = {isa = PBXBuildFile; fileRef = 60F9DAB82BDAE37200C65217 /* BusListCell.xib */; };
		60F9DABA2BDAE37200C65217 /* BusListCell.swift in Sources */ = {isa = PBXBuildFile; fileRef = 60F9DAB72BDAE37200C65217 /* BusListCell.swift */; };
		60F9DABC2BDAE7CE00C65217 /* BusListViewController.swift in Sources */ = {isa = PBXBuildFile; fileRef = 60F9DABB2BDAE7CE00C65217 /* BusListViewController.swift */; };
		60F9DAC72BDD38C000C65217 /* SeatCell.swift in Sources */ = {isa = PBXBuildFile; fileRef = 60F9DAC52BDD38C000C65217 /* SeatCell.swift */; };
		60F9DAC82BDD38C000C65217 /* SeatCell.xib in Resources */ = {isa = PBXBuildFile; fileRef = 60F9DAC62BDD38C000C65217 /* SeatCell.xib */; };
		60F9DACA2BDD392600C65217 /* SeatsViewController.swift in Sources */ = {isa = PBXBuildFile; fileRef = 60F9DAC92BDD392600C65217 /* SeatsViewController.swift */; };
		60F9DAD22BDF020200C65217 /* PassengerInfoTableViewController.swift in Sources */ = {isa = PBXBuildFile; fileRef = 60F9DAD12BDF020200C65217 /* PassengerInfoTableViewController.swift */; };
/* End PBXBuildFile section */

/* Begin PBXFileReference section */
		60A743422BD6A2C4009A495F /* Take Me Away.app */ = {isa = PBXFileReference; explicitFileType = wrapper.application; includeInIndex = 0; path = "Take Me Away.app"; sourceTree = BUILT_PRODUCTS_DIR; };
		60A743452BD6A2C4009A495F /* AppDelegate.swift */ = {isa = PBXFileReference; lastKnownFileType = sourcecode.swift; path = AppDelegate.swift; sourceTree = "<group>"; };
		60A743472BD6A2C4009A495F /* SceneDelegate.swift */ = {isa = PBXFileReference; lastKnownFileType = sourcecode.swift; path = SceneDelegate.swift; sourceTree = "<group>"; };
		60A743492BD6A2C4009A495F /* BuyTicketViewController.swift */ = {isa = PBXFileReference; lastKnownFileType = sourcecode.swift; path = BuyTicketViewController.swift; sourceTree = "<group>"; };
		60A7434C2BD6A2C4009A495F /* Base */ = {isa = PBXFileReference; lastKnownFileType = file.storyboard; name = Base; path = Base.lproj/Main.storyboard; sourceTree = "<group>"; };
		60A7434F2BD6A2C4009A495F /* Take_Me_Away.xcdatamodel */ = {isa = PBXFileReference; lastKnownFileType = wrapper.xcdatamodel; path = Take_Me_Away.xcdatamodel; sourceTree = "<group>"; };
		60A743512BD6A2C6009A495F /* Assets.xcassets */ = {isa = PBXFileReference; lastKnownFileType = folder.assetcatalog; path = Assets.xcassets; sourceTree = "<group>"; };
		60A743542BD6A2C6009A495F /* Base */ = {isa = PBXFileReference; lastKnownFileType = file.storyboard; name = Base; path = Base.lproj/LaunchScreen.storyboard; sourceTree = "<group>"; };
		60A743562BD6A2C6009A495F /* Info.plist */ = {isa = PBXFileReference; lastKnownFileType = text.plist.xml; path = Info.plist; sourceTree = "<group>"; };
		60A7435C2BD6A53E009A495F /* MyTicketsViewController.swift */ = {isa = PBXFileReference; lastKnownFileType = sourcecode.swift; path = MyTicketsViewController.swift; sourceTree = "<group>"; };
		60A743772BD7F4DC009A495F /* Buses.swift */ = {isa = PBXFileReference; lastKnownFileType = sourcecode.swift; path = Buses.swift; sourceTree = "<group>"; };
		60A7437B2BD7F908009A495F /* Buses.json */ = {isa = PBXFileReference; fileEncoding = 4; lastKnownFileType = text.json; path = Buses.json; sourceTree = "<group>"; };
		60A7437D2BD87CF1009A495F /* BusFetchData.swift */ = {isa = PBXFileReference; lastKnownFileType = sourcecode.swift; path = BusFetchData.swift; sourceTree = "<group>"; };
		60A743802BD8847A009A495F /* TabBarController.swift */ = {isa = PBXFileReference; lastKnownFileType = sourcecode.swift; path = TabBarController.swift; sourceTree = "<group>"; };
		60F9DA8F2BD88D5600C65217 /* CitiesArray.swift */ = {isa = PBXFileReference; lastKnownFileType = sourcecode.swift; path = CitiesArray.swift; sourceTree = "<group>"; };
		60F9DAB72BDAE37200C65217 /* BusListCell.swift */ = {isa = PBXFileReference; lastKnownFileType = sourcecode.swift; path = BusListCell.swift; sourceTree = "<group>"; };
		60F9DAB82BDAE37200C65217 /* BusListCell.xib */ = {isa = PBXFileReference; lastKnownFileType = file.xib; path = BusListCell.xib; sourceTree = "<group>"; };
		60F9DABB2BDAE7CE00C65217 /* BusListViewController.swift */ = {isa = PBXFileReference; lastKnownFileType = sourcecode.swift; path = BusListViewController.swift; sourceTree = "<group>"; };
		60F9DAC52BDD38C000C65217 /* SeatCell.swift */ = {isa = PBXFileReference; lastKnownFileType = sourcecode.swift; path = SeatCell.swift; sourceTree = "<group>"; };
		60F9DAC62BDD38C000C65217 /* SeatCell.xib */ = {isa = PBXFileReference; lastKnownFileType = file.xib; path = SeatCell.xib; sourceTree = "<group>"; };
		60F9DAC92BDD392600C65217 /* SeatsViewController.swift */ = {isa = PBXFileReference; lastKnownFileType = sourcecode.swift; path = SeatsViewController.swift; sourceTree = "<group>"; };
		60F9DAD12BDF020200C65217 /* PassengerInfoTableViewController.swift */ = {isa = PBXFileReference; lastKnownFileType = sourcecode.swift; path = PassengerInfoTableViewController.swift; sourceTree = "<group>"; };
/* End PBXFileReference section */

/* Begin PBXFrameworksBuildPhase section */
		60A7433F2BD6A2C4009A495F /* Frameworks */ = {
			isa = PBXFrameworksBuildPhase;
			buildActionMask = 2147483647;
			files = (
			);
			runOnlyForDeploymentPostprocessing = 0;
		};
/* End PBXFrameworksBuildPhase section */

/* Begin PBXGroup section */
		60A743392BD6A2C4009A495F = {
			isa = PBXGroup;
			children = (
				60A743442BD6A2C4009A495F /* Take Me Away */,
				60A743432BD6A2C4009A495F /* Products */,
			);
			sourceTree = "<group>";
		};
		60A743432BD6A2C4009A495F /* Products */ = {
			isa = PBXGroup;
			children = (
				60A743422BD6A2C4009A495F /* Take Me Away.app */,
			);
			name = Products;
			sourceTree = "<group>";
		};
		60A743442BD6A2C4009A495F /* Take Me Away */ = {
			isa = PBXGroup;
			children = (
				60A743452BD6A2C4009A495F /* AppDelegate.swift */,
				60A743472BD6A2C4009A495F /* SceneDelegate.swift */,
				60A7435F2BD6A559009A495F /* Controllers */,
				60A743622BD6A688009A495F /* Models */,
				60A7435E2BD6A54C009A495F /* Views */,
				60F9DABD2BDB25CE00C65217 /* CustomCells */,
				60F9DAB52BD9E48A00C65217 /* Extensions */,
				60A743562BD6A2C6009A495F /* Info.plist */,
				60A7437B2BD7F908009A495F /* Buses.json */,
				60A743512BD6A2C6009A495F /* Assets.xcassets */,
				60A7434E2BD6A2C4009A495F /* Take_Me_Away.xcdatamodeld */,
			);
			path = "Take Me Away";
			sourceTree = "<group>";
		};
		60A7435E2BD6A54C009A495F /* Views */ = {
			isa = PBXGroup;
			children = (
				60A7434B2BD6A2C4009A495F /* Main.storyboard */,
				60A743532BD6A2C6009A495F /* LaunchScreen.storyboard */,
			);
			path = Views;
			sourceTree = "<group>";
		};
		60A7435F2BD6A559009A495F /* Controllers */ = {
			isa = PBXGroup;
			children = (
				60A7435C2BD6A53E009A495F /* MyTicketsViewController.swift */,
				60A743802BD8847A009A495F /* TabBarController.swift */,
				60A743492BD6A2C4009A495F /* BuyTicketViewController.swift */,
				60F9DABB2BDAE7CE00C65217 /* BusListViewController.swift */,
				60F9DAC92BDD392600C65217 /* SeatsViewController.swift */,
				60F9DAD12BDF020200C65217 /* PassengerInfoTableViewController.swift */,
			);
			path = Controllers;
			sourceTree = "<group>";
		};
		60A743622BD6A688009A495F /* Models */ = {
			isa = PBXGroup;
			children = (
				60A743772BD7F4DC009A495F /* Buses.swift */,
				60F9DA8F2BD88D5600C65217 /* CitiesArray.swift */,
			);
			path = Models;
			sourceTree = "<group>";
		};
		60F9DAB52BD9E48A00C65217 /* Extensions */ = {
			isa = PBXGroup;
			children = (
				60A7437D2BD87CF1009A495F /* BusFetchData.swift */,
			);
			path = Extensions;
			sourceTree = "<group>";
		};
		60F9DAB62BDAE33F00C65217 /* BusListCell */ = {
			isa = PBXGroup;
			children = (
				60F9DAB72BDAE37200C65217 /* BusListCell.swift */,
				60F9DAB82BDAE37200C65217 /* BusListCell.xib */,
			);
			path = BusListCell;
			sourceTree = "<group>";
		};
		60F9DABD2BDB25CE00C65217 /* CustomCells */ = {
			isa = PBXGroup;
			children = (
				60F9DAC42BDD38B000C65217 /* SeatCell */,
				60F9DAB62BDAE33F00C65217 /* BusListCell */,
			);
			path = CustomCells;
			sourceTree = "<group>";
		};
		60F9DAC42BDD38B000C65217 /* SeatCell */ = {
			isa = PBXGroup;
			children = (
				60F9DAC52BDD38C000C65217 /* SeatCell.swift */,
				60F9DAC62BDD38C000C65217 /* SeatCell.xib */,
			);
			path = SeatCell;
			sourceTree = "<group>";
		};
/* End PBXGroup section */

/* Begin PBXNativeTarget section */
		60A743412BD6A2C4009A495F /* Take Me Away */ = {
			isa = PBXNativeTarget;
			buildConfigurationList = 60A743592BD6A2C6009A495F /* Build configuration list for PBXNativeTarget "Take Me Away" */;
			buildPhases = (
				60A7433E2BD6A2C4009A495F /* Sources */,
				60A7433F2BD6A2C4009A495F /* Frameworks */,
				60A743402BD6A2C4009A495F /* Resources */,
			);
			buildRules = (
			);
			dependencies = (
			);
			name = "Take Me Away";
			productName = "Take Me Away";
			productReference = 60A743422BD6A2C4009A495F /* Take Me Away.app */;
			productType = "com.apple.product-type.application";
		};
/* End PBXNativeTarget section */

/* Begin PBXProject section */
		60A7433A2BD6A2C4009A495F /* Project object */ = {
			isa = PBXProject;
			attributes = {
				BuildIndependentTargetsInParallel = 1;
				LastSwiftUpdateCheck = 1530;
				LastUpgradeCheck = 1530;
				TargetAttributes = {
					60A743412BD6A2C4009A495F = {
						CreatedOnToolsVersion = 15.3;
					};
				};
			};
			buildConfigurationList = 60A7433D2BD6A2C4009A495F /* Build configuration list for PBXProject "Take Me Away" */;
			compatibilityVersion = "Xcode 14.0";
			developmentRegion = en;
			hasScannedForEncodings = 0;
			knownRegions = (
				en,
				Base,
			);
			mainGroup = 60A743392BD6A2C4009A495F;
			productRefGroup = 60A743432BD6A2C4009A495F /* Products */;
			projectDirPath = "";
			projectRoot = "";
			targets = (
				60A743412BD6A2C4009A495F /* Take Me Away */,
			);
		};
/* End PBXProject section */

/* Begin PBXResourcesBuildPhase section */
		60A743402BD6A2C4009A495F /* Resources */ = {
			isa = PBXResourcesBuildPhase;
			buildActionMask = 2147483647;
			files = (
				60A7437C2BD7F908009A495F /* Buses.json in Resources */,
				60A743522BD6A2C6009A495F /* Assets.xcassets in Resources */,
				60F9DAC82BDD38C000C65217 /* SeatCell.xib in Resources */,
				60A743552BD6A2C6009A495F /* Base in Resources */,
				60F9DAB92BDAE37200C65217 /* BusListCell.xib in Resources */,
				60A7434D2BD6A2C4009A495F /* Base in Resources */,
			);
			runOnlyForDeploymentPostprocessing = 0;
		};
/* End PBXResourcesBuildPhase section */

/* Begin PBXSourcesBuildPhase section */
		60A7433E2BD6A2C4009A495F /* Sources */ = {
			isa = PBXSourcesBuildPhase;
			buildActionMask = 2147483647;
			files = (
				60A743782BD7F4DC009A495F /* Buses.swift in Sources */,
				60A7435D2BD6A53F009A495F /* MyTicketsViewController.swift in Sources */,
				60A743502BD6A2C4009A495F /* Take_Me_Away.xcdatamodeld in Sources */,
				60F9DA902BD88D5600C65217 /* CitiesArray.swift in Sources */,
				60F9DACA2BDD392600C65217 /* SeatsViewController.swift in Sources */,
				60F9DAC72BDD38C000C65217 /* SeatCell.swift in Sources */,
				60A743812BD8847A009A495F /* TabBarController.swift in Sources */,
				60A7434A2BD6A2C4009A495F /* BuyTicketViewController.swift in Sources */,
				60F9DABA2BDAE37200C65217 /* BusListCell.swift in Sources */,
				60A743462BD6A2C4009A495F /* AppDelegate.swift in Sources */,
				60F9DABC2BDAE7CE00C65217 /* BusListViewController.swift in Sources */,
				60F9DAD22BDF020200C65217 /* PassengerInfoTableViewController.swift in Sources */,
				60A743482BD6A2C4009A495F /* SceneDelegate.swift in Sources */,
				60A7437E2BD87CF1009A495F /* BusFetchData.swift in Sources */,
			);
			runOnlyForDeploymentPostprocessing = 0;
		};
/* End PBXSourcesBuildPhase section */

/* Begin PBXVariantGroup section */
		60A7434B2BD6A2C4009A495F /* Main.storyboard */ = {
			isa = PBXVariantGroup;
			children = (
				60A7434C2BD6A2C4009A495F /* Base */,
			);
			name = Main.storyboard;
			sourceTree = "<group>";
		};
		60A743532BD6A2C6009A495F /* LaunchScreen.storyboard */ = {
			isa = PBXVariantGroup;
			children = (
				60A743542BD6A2C6009A495F /* Base */,
			);
			name = LaunchScreen.storyboard;
			sourceTree = "<group>";
		};
/* End PBXVariantGroup section */

/* Begin XCBuildConfiguration section */
		60A743572BD6A2C6009A495F /* Debug */ = {
			isa = XCBuildConfiguration;
			buildSettings = {
				ALWAYS_SEARCH_USER_PATHS = NO;
				ASSETCATALOG_COMPILER_GENERATE_SWIFT_ASSET_SYMBOL_EXTENSIONS = YES;
				CLANG_ANALYZER_NONNULL = YES;
				CLANG_ANALYZER_NUMBER_OBJECT_CONVERSION = YES_AGGRESSIVE;
				CLANG_CXX_LANGUAGE_STANDARD = "gnu++20";
				CLANG_ENABLE_MODULES = YES;
				CLANG_ENABLE_OBJC_ARC = YES;
				CLANG_ENABLE_OBJC_WEAK = YES;
				CLANG_WARN_BLOCK_CAPTURE_AUTORELEASING = YES;
				CLANG_WARN_BOOL_CONVERSION = YES;
				CLANG_WARN_COMMA = YES;
				CLANG_WARN_CONSTANT_CONVERSION = YES;
				CLANG_WARN_DEPRECATED_OBJC_IMPLEMENTATIONS = YES;
				CLANG_WARN_DIRECT_OBJC_ISA_USAGE = YES_ERROR;
				CLANG_WARN_DOCUMENTATION_COMMENTS = YES;
				CLANG_WARN_EMPTY_BODY = YES;
				CLANG_WARN_ENUM_CONVERSION = YES;
				CLANG_WARN_INFINITE_RECURSION = YES;
				CLANG_WARN_INT_CONVERSION = YES;
				CLANG_WARN_NON_LITERAL_NULL_CONVERSION = YES;
				CLANG_WARN_OBJC_IMPLICIT_RETAIN_SELF = YES;
				CLANG_WARN_OBJC_LITERAL_CONVERSION = YES;
				CLANG_WARN_OBJC_ROOT_CLASS = YES_ERROR;
				CLANG_WARN_QUOTED_INCLUDE_IN_FRAMEWORK_HEADER = YES;
				CLANG_WARN_RANGE_LOOP_ANALYSIS = YES;
				CLANG_WARN_STRICT_PROTOTYPES = YES;
				CLANG_WARN_SUSPICIOUS_MOVE = YES;
				CLANG_WARN_UNGUARDED_AVAILABILITY = YES_AGGRESSIVE;
				CLANG_WARN_UNREACHABLE_CODE = YES;
				CLANG_WARN__DUPLICATE_METHOD_MATCH = YES;
				COPY_PHASE_STRIP = NO;
				DEBUG_INFORMATION_FORMAT = dwarf;
				ENABLE_STRICT_OBJC_MSGSEND = YES;
				ENABLE_TESTABILITY = YES;
				ENABLE_USER_SCRIPT_SANDBOXING = YES;
				GCC_C_LANGUAGE_STANDARD = gnu17;
				GCC_DYNAMIC_NO_PIC = NO;
				GCC_NO_COMMON_BLOCKS = YES;
				GCC_OPTIMIZATION_LEVEL = 0;
				GCC_PREPROCESSOR_DEFINITIONS = (
					"DEBUG=1",
					"$(inherited)",
				);
				GCC_WARN_64_TO_32_BIT_CONVERSION = YES;
				GCC_WARN_ABOUT_RETURN_TYPE = YES_ERROR;
				GCC_WARN_UNDECLARED_SELECTOR = YES;
				GCC_WARN_UNINITIALIZED_AUTOS = YES_AGGRESSIVE;
				GCC_WARN_UNUSED_FUNCTION = YES;
				GCC_WARN_UNUSED_VARIABLE = YES;
				IPHONEOS_DEPLOYMENT_TARGET = 17.4;
				LOCALIZATION_PREFERS_STRING_CATALOGS = YES;
				MTL_ENABLE_DEBUG_INFO = INCLUDE_SOURCE;
				MTL_FAST_MATH = YES;
				ONLY_ACTIVE_ARCH = YES;
				SDKROOT = iphoneos;
				SWIFT_ACTIVE_COMPILATION_CONDITIONS = "DEBUG $(inherited)";
				SWIFT_OPTIMIZATION_LEVEL = "-Onone";
			};
			name = Debug;
		};
		60A743582BD6A2C6009A495F /* Release */ = {
			isa = XCBuildConfiguration;
			buildSettings = {
				ALWAYS_SEARCH_USER_PATHS = NO;
				ASSETCATALOG_COMPILER_GENERATE_SWIFT_ASSET_SYMBOL_EXTENSIONS = YES;
				CLANG_ANALYZER_NONNULL = YES;
				CLANG_ANALYZER_NUMBER_OBJECT_CONVERSION = YES_AGGRESSIVE;
				CLANG_CXX_LANGUAGE_STANDARD = "gnu++20";
				CLANG_ENABLE_MODULES = YES;
				CLANG_ENABLE_OBJC_ARC = YES;
				CLANG_ENABLE_OBJC_WEAK = YES;
				CLANG_WARN_BLOCK_CAPTURE_AUTORELEASING = YES;
				CLANG_WARN_BOOL_CONVERSION = YES;
				CLANG_WARN_COMMA = YES;
				CLANG_WARN_CONSTANT_CONVERSION = YES;
				CLANG_WARN_DEPRECATED_OBJC_IMPLEMENTATIONS = YES;
				CLANG_WARN_DIRECT_OBJC_ISA_USAGE = YES_ERROR;
				CLANG_WARN_DOCUMENTATION_COMMENTS = YES;
				CLANG_WARN_EMPTY_BODY = YES;
				CLANG_WARN_ENUM_CONVERSION = YES;
				CLANG_WARN_INFINITE_RECURSION = YES;
				CLANG_WARN_INT_CONVERSION = YES;
				CLANG_WARN_NON_LITERAL_NULL_CONVERSION = YES;
				CLANG_WARN_OBJC_IMPLICIT_RETAIN_SELF = YES;
				CLANG_WARN_OBJC_LITERAL_CONVERSION = YES;
				CLANG_WARN_OBJC_ROOT_CLASS = YES_ERROR;
				CLANG_WARN_QUOTED_INCLUDE_IN_FRAMEWORK_HEADER = YES;
				CLANG_WARN_RANGE_LOOP_ANALYSIS = YES;
				CLANG_WARN_STRICT_PROTOTYPES = YES;
				CLANG_WARN_SUSPICIOUS_MOVE = YES;
				CLANG_WARN_UNGUARDED_AVAILABILITY = YES_AGGRESSIVE;
				CLANG_WARN_UNREACHABLE_CODE = YES;
				CLANG_WARN__DUPLICATE_METHOD_MATCH = YES;
				COPY_PHASE_STRIP = NO;
				DEBUG_INFORMATION_FORMAT = "dwarf-with-dsym";
				ENABLE_NS_ASSERTIONS = NO;
				ENABLE_STRICT_OBJC_MSGSEND = YES;
				ENABLE_USER_SCRIPT_SANDBOXING = YES;
				GCC_C_LANGUAGE_STANDARD = gnu17;
				GCC_NO_COMMON_BLOCKS = YES;
				GCC_WARN_64_TO_32_BIT_CONVERSION = YES;
				GCC_WARN_ABOUT_RETURN_TYPE = YES_ERROR;
				GCC_WARN_UNDECLARED_SELECTOR = YES;
				GCC_WARN_UNINITIALIZED_AUTOS = YES_AGGRESSIVE;
				GCC_WARN_UNUSED_FUNCTION = YES;
				GCC_WARN_UNUSED_VARIABLE = YES;
				IPHONEOS_DEPLOYMENT_TARGET = 17.4;
				LOCALIZATION_PREFERS_STRING_CATALOGS = YES;
				MTL_ENABLE_DEBUG_INFO = NO;
				MTL_FAST_MATH = YES;
				SDKROOT = iphoneos;
				SWIFT_COMPILATION_MODE = wholemodule;
				VALIDATE_PRODUCT = YES;
			};
			name = Release;
		};
		60A7435A2BD6A2C6009A495F /* Debug */ = {
			isa = XCBuildConfiguration;
			buildSettings = {
				ASSETCATALOG_COMPILER_APPICON_NAME = AppIcon;
				ASSETCATALOG_COMPILER_GLOBAL_ACCENT_COLOR_NAME = AccentColor;
				CODE_SIGN_STYLE = Automatic;
				CURRENT_PROJECT_VERSION = 1;
				DEVELOPMENT_TEAM = N6AWHLCUPW;
				GENERATE_INFOPLIST_FILE = YES;
				INFOPLIST_FILE = "Take Me Away/Info.plist";
				INFOPLIST_KEY_UIApplicationSupportsIndirectInputEvents = YES;
				INFOPLIST_KEY_UILaunchStoryboardName = LaunchScreen;
				INFOPLIST_KEY_UIMainStoryboardFile = Main;
				INFOPLIST_KEY_UISupportedInterfaceOrientations = UIInterfaceOrientationPortrait;
				INFOPLIST_KEY_UIUserInterfaceStyle = Dark;
				LD_RUNPATH_SEARCH_PATHS = (
					"$(inherited)",
					"@executable_path/Frameworks",
				);
				MARKETING_VERSION = 1.0;
				PRODUCT_BUNDLE_IDENTIFIER = "com.barisakcay.Take-Me-Away";
				PRODUCT_NAME = "$(TARGET_NAME)";
				SWIFT_EMIT_LOC_STRINGS = YES;
				SWIFT_VERSION = 5.0;
				TARGETED_DEVICE_FAMILY = "1,2";
			};
			name = Debug;
		};
		60A7435B2BD6A2C6009A495F /* Release */ = {
			isa = XCBuildConfiguration;
			buildSettings = {
				ASSETCATALOG_COMPILER_APPICON_NAME = AppIcon;
				ASSETCATALOG_COMPILER_GLOBAL_ACCENT_COLOR_NAME = AccentColor;
				CODE_SIGN_STYLE = Automatic;
				CURRENT_PROJECT_VERSION = 1;
				DEVELOPMENT_TEAM = N6AWHLCUPW;
				GENERATE_INFOPLIST_FILE = YES;
				INFOPLIST_FILE = "Take Me Away/Info.plist";
				INFOPLIST_KEY_UIApplicationSupportsIndirectInputEvents = YES;
				INFOPLIST_KEY_UILaunchStoryboardName = LaunchScreen;
				INFOPLIST_KEY_UIMainStoryboardFile = Main;
				INFOPLIST_KEY_UISupportedInterfaceOrientations = UIInterfaceOrientationPortrait;
				INFOPLIST_KEY_UIUserInterfaceStyle = Dark;
				LD_RUNPATH_SEARCH_PATHS = (
					"$(inherited)",
					"@executable_path/Frameworks",
				);
				MARKETING_VERSION = 1.0;
				PRODUCT_BUNDLE_IDENTIFIER = "com.barisakcay.Take-Me-Away";
				PRODUCT_NAME = "$(TARGET_NAME)";
				SWIFT_EMIT_LOC_STRINGS = YES;
				SWIFT_VERSION = 5.0;
				TARGETED_DEVICE_FAMILY = "1,2";
			};
			name = Release;
		};
/* End XCBuildConfiguration section */

/* Begin XCConfigurationList section */
		60A7433D2BD6A2C4009A495F /* Build configuration list for PBXProject "Take Me Away" */ = {
			isa = XCConfigurationList;
			buildConfigurations = (
				60A743572BD6A2C6009A495F /* Debug */,
				60A743582BD6A2C6009A495F /* Release */,
			);
			defaultConfigurationIsVisible = 0;
			defaultConfigurationName = Release;
		};
		60A743592BD6A2C6009A495F /* Build configuration list for PBXNativeTarget "Take Me Away" */ = {
			isa = XCConfigurationList;
			buildConfigurations = (
				60A7435A2BD6A2C6009A495F /* Debug */,
				60A7435B2BD6A2C6009A495F /* Release */,
			);
			defaultConfigurationIsVisible = 0;
			defaultConfigurationName = Release;
		};
/* End XCConfigurationList section */

/* Begin XCVersionGroup section */
		60A7434E2BD6A2C4009A495F /* Take_Me_Away.xcdatamodeld */ = {
			isa = XCVersionGroup;
			children = (
				60A7434F2BD6A2C4009A495F /* Take_Me_Away.xcdatamodel */,
			);
			currentVersion = 60A7434F2BD6A2C4009A495F /* Take_Me_Away.xcdatamodel */;
			path = Take_Me_Away.xcdatamodeld;
			sourceTree = "<group>";
			versionGroupType = wrapper.xcdatamodel;
		};
/* End XCVersionGroup section */
	};
	rootObject = 60A7433A2BD6A2C4009A495F /* Project object */;
}
